
Microsoft Visual Studio Solution File, Format Version 12.00
# Visual Studio Version 17
VisualStudioVersion = 17.13.35818.85 d17.13
MinimumVisualStudioVersion = 10.0.40219.1
Project("{8BC9CEB8-8B4A-11D0-8D11-00A0C91BC942}") = "chess1", "chess1.vcxproj", "{091AD173-9743-4DA3-9260-A8080B5B0173}"
EndProject
Global
	GlobalSection(SolutionConfigurationPlatforms) = preSolution
		Debug|x64 = Debug|x64
		Debug|x86 = Debug|x86
		Release|x64 = Release|x64
		Release|x86 = Release|x86
	EndGlobalSection
	GlobalSection(ProjectConfigurationPlatforms) = postSolution
		{091AD173-9743-4DA3-9260-A8080B5B0173}.Debug|x64.ActiveCfg = Debug|x64
		{091AD173-9743-4DA3-9260-A8080B5B0173}.Debug|x64.Build.0 = Debug|x64
		{091AD173-9743-4DA3-9260-A8080B5B0173}.Debug|x86.ActiveCfg = Debug|Win32
		{091AD173-9743-4DA3-9260-A8080B5B0173}.Debug|x86.Build.0 = Debug|Win32
		{091AD173-9743-4DA3-9260-A8080B5B0173}.Release|x64.ActiveCfg = Release|x64
		{091AD173-9743-4DA3-9260-A8080B5B0173}.Release|x64.Build.0 = Release|x64
		{091AD173-9743-4DA3-9260-A8080B5B0173}.Release|x86.ActiveCfg = Release|Win32
		{091AD173-9743-4DA3-9260-A8080B5B0173}.Release|x86.Build.0 = Release|Win32
	EndGlobalSection
	GlobalSection(SolutionProperties) = preSolution
		HideSolutionNode = FALSE
	EndGlobalSection
	GlobalSection(ExtensibilityGlobals) = postSolution
		SolutionGuid = {855C6318-BAA6-41B3-B6CC-3674A5685FBF}
	EndGlobalSection
EndGlobal
